// !$*UTF8*$!
{
	archiveVersion = 1;
	classes = {
	};
	objectVersion = 56;
	objects = {

/* Begin PBXBuildFile section */
		AD5A9BEA2B6523B800AA9ECD /* TestSwiftUIApp.swift in Sources */ = {isa = PBXBuildFile; fileRef = AD5A9BE92B6523B800AA9ECD /* TestSwiftUIApp.swift */; };
		AD5A9BEC2B6523B800AA9ECD /* ContentView.swift in Sources */ = {isa = PBXBuildFile; fileRef = AD5A9BEB2B6523B800AA9ECD /* ContentView.swift */; };
		AD5A9BEE2B6523B900AA9ECD /* Assets.xcassets in Resources */ = {isa = PBXBuildFile; fileRef = AD5A9BED2B6523B900AA9ECD /* Assets.xcassets */; };
		AD5A9BF12B6523B900AA9ECD /* Preview Assets.xcassets in Resources */ = {isa = PBXBuildFile; fileRef = AD5A9BF02B6523B900AA9ECD /* Preview Assets.xcassets */; };
		AD5A9BFB2B6523B900AA9ECD /* TestSwiftUITests.swift in Sources */ = {isa = PBXBuildFile; fileRef = AD5A9BFA2B6523B900AA9ECD /* TestSwiftUITests.swift */; };
		AD5A9C052B6523B900AA9ECD /* TestSwiftUIUITests.swift in Sources */ = {isa = PBXBuildFile; fileRef = AD5A9C042B6523B900AA9ECD /* TestSwiftUIUITests.swift */; };
		AD5A9C072B6523B900AA9ECD /* TestSwiftUIUITestsLaunchTests.swift in Sources */ = {isa = PBXBuildFile; fileRef = AD5A9C062B6523B900AA9ECD /* TestSwiftUIUITestsLaunchTests.swift */; };
/* End PBXBuildFile section */

/* Begin PBXContainerItemProxy section */
		AD5A9BF72B6523B900AA9ECD /* PBXContainerItemProxy */ = {
			isa = PBXContainerItemProxy;
			containerPortal = AD5A9BDE2B6523B800AA9ECD /* Project object */;
			proxyType = 1;
			remoteGlobalIDString = AD5A9BE52B6523B800AA9ECD;
			remoteInfo = TestSwiftUI;
		};
		AD5A9C012B6523B900AA9ECD /* PBXContainerItemProxy */ = {
			isa = PBXContainerItemProxy;
			containerPortal = AD5A9BDE2B6523B800AA9ECD /* Project object */;
			proxyType = 1;
			remoteGlobalIDString = AD5A9BE52B6523B800AA9ECD;
			remoteInfo = TestSwiftUI;
		};
/* End PBXContainerItemProxy section */

/* Begin PBXFileReference section */
		AD5A9BE62B6523B800AA9ECD /* TestSwiftUI.app */ = {isa = PBXFileReference; explicitFileType = wrapper.application; includeInIndex = 0; path = TestSwiftUI.app; sourceTree = BUILT_PRODUCTS_DIR; };
		AD5A9BE92B6523B800AA9ECD /* TestSwiftUIApp.swift */ = {isa = PBXFileReference; lastKnownFileType = sourcecode.swift; path = TestSwiftUIApp.swift; sourceTree = "<group>"; };
		AD5A9BEB2B6523B800AA9ECD /* ContentView.swift */ = {isa = PBXFileReference; lastKnownFileType = sourcecode.swift; path = ContentView.swift; sourceTree = "<group>"; };
		AD5A9BED2B6523B900AA9ECD /* Assets.xcassets */ = {isa = PBXFileReference; lastKnownFileType = folder.assetcatalog; path = Assets.xcassets; sourceTree = "<group>"; };
		AD5A9BF02B6523B900AA9ECD /* Preview Assets.xcassets */ = {isa = PBXFileReference; lastKnownFileType = folder.assetcatalog; path = "Preview Assets.xcassets"; sourceTree = "<group>"; };
		AD5A9BF62B6523B900AA9ECD /* TestSwiftUITests.xctest */ = {isa = PBXFileReference; explicitFileType = wrapper.cfbundle; includeInIndex = 0; path = TestSwiftUITests.xctest; sourceTree = BUILT_PRODUCTS_DIR; };
		AD5A9BFA2B6523B900AA9ECD /* TestSwiftUITests.swift */ = {isa = PBXFileReference; lastKnownFileType = sourcecode.swift; path = TestSwiftUITests.swift; sourceTree = "<group>"; };
		AD5A9C002B6523B900AA9ECD /* TestSwiftUIUITests.xctest */ = {isa = PBXFileReference; explicitFileType = wrapper.cfbundle; includeInIndex = 0; path = TestSwiftUIUITests.xctest; sourceTree = BUILT_PRODUCTS_DIR; };
		AD5A9C042B6523B900AA9ECD /* TestSwiftUIUITests.swift */ = {isa = PBXFileReference; lastKnownFileType = sourcecode.swift; path = TestSwiftUIUITests.swift; sourceTree = "<group>"; };
		AD5A9C062B6523B900AA9ECD /* TestSwiftUIUITestsLaunchTests.swift */ = {isa = PBXFileReference; lastKnownFileType = sourcecode.swift; path = TestSwiftUIUITestsLaunchTests.swift; sourceTree = "<group>"; };
/* End PBXFileReference section */

/* Begin PBXFrameworksBuildPhase section */
		AD5A9BE32B6523B800AA9ECD /* Frameworks */ = {
			isa = PBXFrameworksBuildPhase;
			buildActionMask = 2147483647;
			files = (
			);
			runOnlyForDeploymentPostprocessing = 0;
		};
		AD5A9BF32B6523B900AA9ECD /* Frameworks */ = {
			isa = PBXFrameworksBuildPhase;
			buildActionMask = 2147483647;
			files = (
			);
			runOnlyForDeploymentPostprocessing = 0;
		};
		AD5A9BFD2B6523B900AA9ECD /* Frameworks */ = {
			isa = PBXFrameworksBuildPhase;
			buildActionMask = 2147483647;
			files = (
			);
			runOnlyForDeploymentPostprocessing = 0;
		};
/* End PBXFrameworksBuildPhase section */

/* Begin PBXGroup section */
		AD5A9BDD2B6523B800AA9ECD = {
			isa = PBXGroup;
			children = (
				AD5A9BE82B6523B800AA9ECD /* TestSwiftUI */,
				AD5A9BF92B6523B900AA9ECD /* TestSwiftUITests */,
				AD5A9C032B6523B900AA9ECD /* TestSwiftUIUITests */,
				AD5A9BE72B6523B800AA9ECD /* Products */,
			);
			sourceTree = "<group>";
		};
		AD5A9BE72B6523B800AA9ECD /* Products */ = {
			isa = PBXGroup;
			children = (
				AD5A9BE62B6523B800AA9ECD /* TestSwiftUI.app */,
				AD5A9BF62B6523B900AA9ECD /* TestSwiftUITests.xctest */,
				AD5A9C002B6523B900AA9ECD /* TestSwiftUIUITests.xctest */,
			);
			name = Products;
			sourceTree = "<group>";
		};
		AD5A9BE82B6523B800AA9ECD /* TestSwiftUI */ = {
			isa = PBXGroup;
			children = (
				AD5A9BE92B6523B800AA9ECD /* TestSwiftUIApp.swift */,
				AD5A9BEB2B6523B800AA9ECD /* ContentView.swift */,
				AD5A9BED2B6523B900AA9ECD /* Assets.xcassets */,
				AD5A9BEF2B6523B900AA9ECD /* Preview Content */,
			);
			path = TestSwiftUI;
			sourceTree = "<group>";
		};
		AD5A9BEF2B6523B900AA9ECD /* Preview Content */ = {
			isa = PBXGroup;
			children = (
				AD5A9BF02B6523B900AA9ECD /* Preview Assets.xcassets */,
			);
			path = "Preview Content";
			sourceTree = "<group>";
		};
		AD5A9BF92B6523B900AA9ECD /* TestSwiftUITests */ = {
			isa = PBXGroup;
			children = (
				AD5A9BFA2B6523B900AA9ECD /* TestSwiftUITests.swift */,
			);
			path = TestSwiftUITests;
			sourceTree = "<group>";
		};
		AD5A9C032B6523B900AA9ECD /* TestSwiftUIUITests */ = {
			isa = PBXGroup;
			children = (
				AD5A9C042B6523B900AA9ECD /* TestSwiftUIUITests.swift */,
				AD5A9C062B6523B900AA9ECD /* TestSwiftUIUITestsLaunchTests.swift */,
			);
			path = TestSwiftUIUITests;
			sourceTree = "<group>";
		};
/* End PBXGroup section */

/* Begin PBXNativeTarget section */
		AD5A9BE52B6523B800AA9ECD /* TestSwiftUI */ = {
			isa = PBXNativeTarget;
			buildConfigurationList = AD5A9C0A2B6523B900AA9ECD /* Build configuration list for PBXNativeTarget "TestSwiftUI" */;
			buildPhases = (
				AD5A9BE22B6523B800AA9ECD /* Sources */,
				AD5A9BE32B6523B800AA9ECD /* Frameworks */,
				AD5A9BE42B6523B800AA9ECD /* Resources */,
			);
			buildRules = (
			);
			dependencies = (
			);
			name = TestSwiftUI;
			productName = TestSwiftUI;
			productReference = AD5A9BE62B6523B800AA9ECD /* TestSwiftUI.app */;
			productType = "com.apple.product-type.application";
		};
		AD5A9BF52B6523B900AA9ECD /* TestSwiftUITests */ = {
			isa = PBXNativeTarget;
			buildConfigurationList = AD5A9C0D2B6523B900AA9ECD /* Build configuration list for PBXNativeTarget "TestSwiftUITests" */;
			buildPhases = (
				AD5A9BF22B6523B900AA9ECD /* Sources */,
				AD5A9BF32B6523B900AA9ECD /* Frameworks */,
				AD5A9BF42B6523B900AA9ECD /* Resources */,
			);
			buildRules = (
			);
			dependencies = (
				AD5A9BF82B6523B900AA9ECD /* PBXTargetDependency */,
			);
			name = TestSwiftUITests;
			productName = TestSwiftUITests;
			productReference = AD5A9BF62B6523B900AA9ECD /* TestSwiftUITests.xctest */;
			productType = "com.apple.product-type.bundle.unit-test";
		};
		AD5A9BFF2B6523B900AA9ECD /* TestSwiftUIUITests */ = {
			isa = PBXNativeTarget;
			buildConfigurationList = AD5A9C102B6523B900AA9ECD /* Build configuration list for PBXNativeTarget "TestSwiftUIUITests" */;
			buildPhases = (
				AD5A9BFC2B6523B900AA9ECD /* Sources */,
				AD5A9BFD2B6523B900AA9ECD /* Frameworks */,
				AD5A9BFE2B6523B900AA9ECD /* Resources */,
			);
			buildRules = (
			);
			dependencies = (
				AD5A9C022B6523B900AA9ECD /* PBXTargetDependency */,
			);
			name = TestSwiftUIUITests;
			productName = TestSwiftUIUITests;
			productReference = AD5A9C002B6523B900AA9ECD /* TestSwiftUIUITests.xctest */;
			productType = "com.apple.product-type.bundle.ui-testing";
		};
/* End PBXNativeTarget section */

/* Begin PBXProject section */
		AD5A9BDE2B6523B800AA9ECD /* Project object */ = {
			isa = PBXProject;
			attributes = {
				BuildIndependentTargetsInParallel = 1;
				LastSwiftUpdateCheck = 1430;
				LastUpgradeCheck = 1430;
				TargetAttributes = {
					AD5A9BE52B6523B800AA9ECD = {
						CreatedOnToolsVersion = 14.3;
					};
					AD5A9BF52B6523B900AA9ECD = {
						CreatedOnToolsVersion = 14.3;
						TestTargetID = AD5A9BE52B6523B800AA9ECD;
					};
					AD5A9BFF2B6523B900AA9ECD = {
						CreatedOnToolsVersion = 14.3;
						TestTargetID = AD5A9BE52B6523B800AA9ECD;
					};
				};
			};
			buildConfigurationList = AD5A9BE12B6523B800AA9ECD /* Build configuration list for PBXProject "TestSwiftUI" */;
			compatibilityVersion = "Xcode 14.0";
			developmentRegion = en;
			hasScannedForEncodings = 0;
			knownRegions = (
				en,
				Base,
			);
			mainGroup = AD5A9BDD2B6523B800AA9ECD;
			productRefGroup = AD5A9BE72B6523B800AA9ECD /* Products */;
			projectDirPath = "";
			projectRoot = "";
			targets = (
				AD5A9BE52B6523B800AA9ECD /* TestSwiftUI */,
				AD5A9BF52B6523B900AA9ECD /* TestSwiftUITests */,
				AD5A9BFF2B6523B900AA9ECD /* TestSwiftUIUITests */,
			);
		};
/* End PBXProject section */

/* Begin PBXResourcesBuildPhase section */
		AD5A9BE42B6523B800AA9ECD /* Resources */ = {
			isa = PBXResourcesBuildPhase;
			buildActionMask = 2147483647;
			files = (
				AD5A9BF12B6523B900AA9ECD /* Preview Assets.xcassets in Resources */,
				AD5A9BEE2B6523B900AA9ECD /* Assets.xcassets in Resources */,
			);
			runOnlyForDeploymentPostprocessing = 0;
		};
		AD5A9BF42B6523B900AA9ECD /* Resources */ = {
			isa = PBXResourcesBuildPhase;
			buildActionMask = 2147483647;
			files = (
			);
			runOnlyForDeploymentPostprocessing = 0;
		};
		AD5A9BFE2B6523B900AA9ECD /* Resources */ = {
			isa = PBXResourcesBuildPhase;
			buildActionMask = 2147483647;
			files = (
			);
			runOnlyForDeploymentPostprocessing = 0;
		};
/* End PBXResourcesBuildPhase section */

/* Begin PBXSourcesBuildPhase section */
		AD5A9BE22B6523B800AA9ECD /* Sources */ = {
			isa = PBXSourcesBuildPhase;
			buildActionMask = 2147483647;
			files = (
				AD5A9BEC2B6523B800AA9ECD /* ContentView.swift in Sources */,
				AD5A9BEA2B6523B800AA9ECD /* TestSwiftUIApp.swift in Sources */,
			);
			runOnlyForDeploymentPostprocessing = 0;
		};
		AD5A9BF22B6523B900AA9ECD /* Sources */ = {
			isa = PBXSourcesBuildPhase;
			buildActionMask = 2147483647;
			files = (
				AD5A9BFB2B6523B900AA9ECD /* TestSwiftUITests.swift in Sources */,
			);
			runOnlyForDeploymentPostprocessing = 0;
		};
		AD5A9BFC2B6523B900AA9ECD /* Sources */ = {
			isa = PBXSourcesBuildPhase;
			buildActionMask = 2147483647;
			files = (
				AD5A9C072B6523B900AA9ECD /* TestSwiftUIUITestsLaunchTests.swift in Sources */,
				AD5A9C052B6523B900AA9ECD /* TestSwiftUIUITests.swift in Sources */,
			);
			runOnlyForDeploymentPostprocessing = 0;
		};
/* End PBXSourcesBuildPhase section */

/* Begin PBXTargetDependency section */
		AD5A9BF82B6523B900AA9ECD /* PBXTargetDependency */ = {
			isa = PBXTargetDependency;
			target = AD5A9BE52B6523B800AA9ECD /* TestSwiftUI */;
			targetProxy = AD5A9BF72B6523B900AA9ECD /* PBXContainerItemProxy */;
		};
		AD5A9C022B6523B900AA9ECD /* PBXTargetDependency */ = {
			isa = PBXTargetDependency;
			target = AD5A9BE52B6523B800AA9ECD /* TestSwiftUI */;
			targetProxy = AD5A9C012B6523B900AA9ECD /* PBXContainerItemProxy */;
		};
/* End PBXTargetDependency section */

/* Begin XCBuildConfiguration section */
		AD5A9C082B6523B900AA9ECD /* Debug */ = {
			isa = XCBuildConfiguration;
			buildSettings = {
				ALWAYS_SEARCH_USER_PATHS = NO;
				CLANG_ANALYZER_NONNULL = YES;
				CLANG_ANALYZER_NUMBER_OBJECT_CONVERSION = YES_AGGRESSIVE;
				CLANG_CXX_LANGUAGE_STANDARD = "gnu++20";
				CLANG_ENABLE_MODULES = YES;
				CLANG_ENABLE_OBJC_ARC = YES;
				CLANG_ENABLE_OBJC_WEAK = YES;
				CLANG_WARN_BLOCK_CAPTURE_AUTORELEASING = YES;
				CLANG_WARN_BOOL_CONVERSION = YES;
				CLANG_WARN_COMMA = YES;
				CLANG_WARN_CONSTANT_CONVERSION = YES;
				CLANG_WARN_DEPRECATED_OBJC_IMPLEMENTATIONS = YES;
				CLANG_WARN_DIRECT_OBJC_ISA_USAGE = YES_ERROR;
				CLANG_WARN_DOCUMENTATION_COMMENTS = YES;
				CLANG_WARN_EMPTY_BODY = YES;
				CLANG_WARN_ENUM_CONVERSION = YES;
				CLANG_WARN_INFINITE_RECURSION = YES;
				CLANG_WARN_INT_CONVERSION = YES;
				CLANG_WARN_NON_LITERAL_NULL_CONVERSION = YES;
				CLANG_WARN_OBJC_IMPLICIT_RETAIN_SELF = YES;
				CLANG_WARN_OBJC_LITERAL_CONVERSION = YES;
				CLANG_WARN_OBJC_ROOT_CLASS = YES_ERROR;
				CLANG_WARN_QUOTED_INCLUDE_IN_FRAMEWORK_HEADER = YES;
				CLANG_WARN_RANGE_LOOP_ANALYSIS = YES;
				CLANG_WARN_STRICT_PROTOTYPES = YES;
				CLANG_WARN_SUSPICIOUS_MOVE = YES;
				CLANG_WARN_UNGUARDED_AVAILABILITY = YES_AGGRESSIVE;
				CLANG_WARN_UNREACHABLE_CODE = YES;
				CLANG_WARN__DUPLICATE_METHOD_MATCH = YES;
				COPY_PHASE_STRIP = NO;
				DEBUG_INFORMATION_FORMAT = dwarf;
				ENABLE_STRICT_OBJC_MSGSEND = YES;
				ENABLE_TESTABILITY = YES;
				GCC_C_LANGUAGE_STANDARD = gnu11;
				GCC_DYNAMIC_NO_PIC = NO;
				GCC_NO_COMMON_BLOCKS = YES;
				GCC_OPTIMIZATION_LEVEL = 0;
				GCC_PREPROCESSOR_DEFINITIONS = (
					"DEBUG=1",
					"$(inherited)",
				);
				GCC_WARN_64_TO_32_BIT_CONVERSION = YES;
				GCC_WARN_ABOUT_RETURN_TYPE = YES_ERROR;
				GCC_WARN_UNDECLARED_SELECTOR = YES;
				GCC_WARN_UNINITIALIZED_AUTOS = YES_AGGRESSIVE;
				GCC_WARN_UNUSED_FUNCTION = YES;
				GCC_WARN_UNUSED_VARIABLE = YES;
				IPHONEOS_DEPLOYMENT_TARGET = 16.4;
				MTL_ENABLE_DEBUG_INFO = INCLUDE_SOURCE;
				MTL_FAST_MATH = YES;
				ONLY_ACTIVE_ARCH = YES;
				SDKROOT = iphoneos;
				SWIFT_ACTIVE_COMPILATION_CONDITIONS = DEBUG;
				SWIFT_OPTIMIZATION_LEVEL = "-Onone";
			};
			name = Debug;
		};
		AD5A9C092B6523B900AA9ECD /* Release */ = {
			isa = XCBuildConfiguration;
			buildSettings = {
				ALWAYS_SEARCH_USER_PATHS = NO;
				CLANG_ANALYZER_NONNULL = YES;
				CLANG_ANALYZER_NUMBER_OBJECT_CONVERSION = YES_AGGRESSIVE;
				CLANG_CXX_LANGUAGE_STANDARD = "gnu++20";
				CLANG_ENABLE_MODULES = YES;
				CLANG_ENABLE_OBJC_ARC = YES;
				CLANG_ENABLE_OBJC_WEAK = YES;
				CLANG_WARN_BLOCK_CAPTURE_AUTORELEASING = YES;
				CLANG_WARN_BOOL_CONVERSION = YES;
				CLANG_WARN_COMMA = YES;
				CLANG_WARN_CONSTANT_CONVERSION = YES;
				CLANG_WARN_DEPRECATED_OBJC_IMPLEMENTATIONS = YES;
				CLANG_WARN_DIRECT_OBJC_ISA_USAGE = YES_ERROR;
				CLANG_WARN_DOCUMENTATION_COMMENTS = YES;
				CLANG_WARN_EMPTY_BODY = YES;
				CLANG_WARN_ENUM_CONVERSION = YES;
				CLANG_WARN_INFINITE_RECURSION = YES;
				CLANG_WARN_INT_CONVERSION = YES;
				CLANG_WARN_NON_LITERAL_NULL_CONVERSION = YES;
				CLANG_WARN_OBJC_IMPLICIT_RETAIN_SELF = YES;
				CLANG_WARN_OBJC_LITERAL_CONVERSION = YES;
				CLANG_WARN_OBJC_ROOT_CLASS = YES_ERROR;
				CLANG_WARN_QUOTED_INCLUDE_IN_FRAMEWORK_HEADER = YES;
				CLANG_WARN_RANGE_LOOP_ANALYSIS = YES;
				CLANG_WARN_STRICT_PROTOTYPES = YES;
				CLANG_WARN_SUSPICIOUS_MOVE = YES;
				CLANG_WARN_UNGUARDED_AVAILABILITY = YES_AGGRESSIVE;
				CLANG_WARN_UNREACHABLE_CODE = YES;
				CLANG_WARN__DUPLICATE_METHOD_MATCH = YES;
				COPY_PHASE_STRIP = NO;
				DEBUG_INFORMATION_FORMAT = "dwarf-with-dsym";
				ENABLE_NS_ASSERTIONS = NO;
				ENABLE_STRICT_OBJC_MSGSEND = YES;
				GCC_C_LANGUAGE_STANDARD = gnu11;
				GCC_NO_COMMON_BLOCKS = YES;
				GCC_WARN_64_TO_32_BIT_CONVERSION = YES;
				GCC_WARN_ABOUT_RETURN_TYPE = YES_ERROR;
				GCC_WARN_UNDECLARED_SELECTOR = YES;
				GCC_WARN_UNINITIALIZED_AUTOS = YES_AGGRESSIVE;
				GCC_WARN_UNUSED_FUNCTION = YES;
				GCC_WARN_UNUSED_VARIABLE = YES;
				IPHONEOS_DEPLOYMENT_TARGET = 16.4;
				MTL_ENABLE_DEBUG_INFO = NO;
				MTL_FAST_MATH = YES;
				SDKROOT = iphoneos;
				SWIFT_COMPILATION_MODE = wholemodule;
				SWIFT_OPTIMIZATION_LEVEL = "-O";
				VALIDATE_PRODUCT = YES;
			};
			name = Release;
		};
		AD5A9C0B2B6523B900AA9ECD /* Debug */ = {
			isa = XCBuildConfiguration;
			buildSettings = {
				ASSETCATALOG_COMPILER_APPICON_NAME = AppIcon;
				ASSETCATALOG_COMPILER_GLOBAL_ACCENT_COLOR_NAME = AccentColor;
				CODE_SIGN_STYLE = Automatic;
				CURRENT_PROJECT_VERSION = 1;
				DEVELOPMENT_ASSET_PATHS = "\"TestSwiftUI/Preview Content\"";
				DEVELOPMENT_TEAM = S8DT97MW4Y;
				ENABLE_PREVIEWS = YES;
				GENERATE_INFOPLIST_FILE = YES;
				INFOPLIST_KEY_UIApplicationSceneManifest_Generation = YES;
				INFOPLIST_KEY_UIApplicationSupportsIndirectInputEvents = YES;
				INFOPLIST_KEY_UILaunchScreen_Generation = YES;
				INFOPLIST_KEY_UISupportedInterfaceOrientations_iPad = "UIInterfaceOrientationPortrait UIInterfaceOrientationPortraitUpsideDown UIInterfaceOrientationLandscapeLeft UIInterfaceOrientationLandscapeRight";
				INFOPLIST_KEY_UISupportedInterfaceOrientations_iPhone = "UIInterfaceOrientationPortrait UIInterfaceOrientationLandscapeLeft UIInterfaceOrientationLandscapeRight";
				LD_RUNPATH_SEARCH_PATHS = (
					"$(inherited)",
					"@executable_path/Frameworks",
				);
				MARKETING_VERSION = 1.0;
				PRODUCT_BUNDLE_IDENTIFIER = com.leojin.TestSwiftUI;
				PRODUCT_NAME = "$(TARGET_NAME)";
				SWIFT_EMIT_LOC_STRINGS = YES;
				SWIFT_VERSION = 5.0;
				TARGETED_DEVICE_FAMILY = "1,2";
			};
			name = Debug;
		};
		AD5A9C0C2B6523B900AA9ECD /* Release */ = {
			isa = XCBuildConfiguration;
			buildSettings = {
				ASSETCATALOG_COMPILER_APPICON_NAME = AppIcon;
				ASSETCATALOG_COMPILER_GLOBAL_ACCENT_COLOR_NAME = AccentColor;
				CODE_SIGN_STYLE = Automatic;
				CURRENT_PROJECT_VERSION = 1;
				DEVELOPMENT_ASSET_PATHS = "\"TestSwiftUI/Preview Content\"";
				DEVELOPMENT_TEAM = S8DT97MW4Y;
				ENABLE_PREVIEWS = YES;
				GENERATE_INFOPLIST_FILE = YES;
				INFOPLIST_KEY_UIApplicationSceneManifest_Generation = YES;
				INFOPLIST_KEY_UIApplicationSupportsIndirectInputEvents = YES;
				INFOPLIST_KEY_UILaunchScreen_Generation = YES;
				INFOPLIST_KEY_UISupportedInterfaceOrientations_iPad = "UIInterfaceOrientationPortrait UIInterfaceOrientationPortraitUpsideDown UIInterfaceOrientationLandscapeLeft UIInterfaceOrientationLandscapeRight";
				INFOPLIST_KEY_UISupportedInterfaceOrientations_iPhone = "UIInterfaceOrientationPortrait UIInterfaceOrientationLandscapeLeft UIInterfaceOrientationLandscapeRight";
				LD_RUNPATH_SEARCH_PATHS = (
					"$(inherited)",
					"@executable_path/Frameworks",
				);
				MARKETING_VERSION = 1.0;
				PRODUCT_BUNDLE_IDENTIFIER = com.leojin.TestSwiftUI;
				PRODUCT_NAME = "$(TARGET_NAME)";
				SWIFT_EMIT_LOC_STRINGS = YES;
				SWIFT_VERSION = 5.0;
				TARGETED_DEVICE_FAMILY = "1,2";
			};
			name = Release;
		};
		AD5A9C0E2B6523B900AA9ECD /* Debug */ = {
			isa = XCBuildConfiguration;
			buildSettings = {
				ALWAYS_EMBED_SWIFT_STANDARD_LIBRARIES = YES;
				BUNDLE_LOADER = "$(TEST_HOST)";
				CODE_SIGN_STYLE = Automatic;
				CURRENT_PROJECT_VERSION = 1;
				DEVELOPMENT_TEAM = S8DT97MW4Y;
				GENERATE_INFOPLIST_FILE = YES;
				IPHONEOS_DEPLOYMENT_TARGET = 16.4;
				MARKETING_VERSION = 1.0;
				PRODUCT_BUNDLE_IDENTIFIER = com.leojin.TestSwiftUITests;
				PRODUCT_NAME = "$(TARGET_NAME)";
				SWIFT_EMIT_LOC_STRINGS = NO;
				SWIFT_VERSION = 5.0;
				TARGETED_DEVICE_FAMILY = "1,2";
				TEST_HOST = "$(BUILT_PRODUCTS_DIR)/TestSwiftUI.app/$(BUNDLE_EXECUTABLE_FOLDER_PATH)/TestSwiftUI";
			};
			name = Debug;
		};
		AD5A9C0F2B6523B900AA9ECD /* Release */ = {
			isa = XCBuildConfiguration;
			buildSettings = {
				ALWAYS_EMBED_SWIFT_STANDARD_LIBRARIES = YES;
				BUNDLE_LOADER = "$(TEST_HOST)";
				CODE_SIGN_STYLE = Automatic;
				CURRENT_PROJECT_VERSION = 1;
				DEVELOPMENT_TEAM = S8DT97MW4Y;
				GENERATE_INFOPLIST_FILE = YES;
				IPHONEOS_DEPLOYMENT_TARGET = 16.4;
				MARKETING_VERSION = 1.0;
				PRODUCT_BUNDLE_IDENTIFIER = com.leojin.TestSwiftUITests;
				PRODUCT_NAME = "$(TARGET_NAME)";
				SWIFT_EMIT_LOC_STRINGS = NO;
				SWIFT_VERSION = 5.0;
				TARGETED_DEVICE_FAMILY = "1,2";
				TEST_HOST = "$(BUILT_PRODUCTS_DIR)/TestSwiftUI.app/$(BUNDLE_EXECUTABLE_FOLDER_PATH)/TestSwiftUI";
			};
			name = Release;
		};
		AD5A9C112B6523B900AA9ECD /* Debug */ = {
			isa = XCBuildConfiguration;
			buildSettings = {
				ALWAYS_EMBED_SWIFT_STANDARD_LIBRARIES = YES;
				CODE_SIGN_STYLE = Automatic;
				CURRENT_PROJECT_VERSION = 1;
				DEVELOPMENT_TEAM = S8DT97MW4Y;
				GENERATE_INFOPLIST_FILE = YES;
				MARKETING_VERSION = 1.0;
				PRODUCT_BUNDLE_IDENTIFIER = com.leojin.TestSwiftUIUITests;
				PRODUCT_NAME = "$(TARGET_NAME)";
				SWIFT_EMIT_LOC_STRINGS = NO;
				SWIFT_VERSION = 5.0;
				TARGETED_DEVICE_FAMILY = "1,2";
				TEST_TARGET_NAME = TestSwiftUI;
			};
			name = Debug;
		};
		AD5A9C122B6523B900AA9ECD /* Release */ = {
			isa = XCBuildConfiguration;
			buildSettings = {
				ALWAYS_EMBED_SWIFT_STANDARD_LIBRARIES = YES;
				CODE_SIGN_STYLE = Automatic;
				CURRENT_PROJECT_VERSION = 1;
				DEVELOPMENT_TEAM = S8DT97MW4Y;
				GENERATE_INFOPLIST_FILE = YES;
				MARKETING_VERSION = 1.0;
				PRODUCT_BUNDLE_IDENTIFIER = com.leojin.TestSwiftUIUITests;
				PRODUCT_NAME = "$(TARGET_NAME)";
				SWIFT_EMIT_LOC_STRINGS = NO;
				SWIFT_VERSION = 5.0;
				TARGETED_DEVICE_FAMILY = "1,2";
				TEST_TARGET_NAME = TestSwiftUI;
			};
			name = Release;
		};
/* End XCBuildConfiguration section */

/* Begin XCConfigurationList section */
		AD5A9BE12B6523B800AA9ECD /* Build configuration list for PBXProject "TestSwiftUI" */ = {
			isa = XCConfigurationList;
			buildConfigurations = (
				AD5A9C082B6523B900AA9ECD /* Debug */,
				AD5A9C092B6523B900AA9ECD /* Release */,
			);
			defaultConfigurationIsVisible = 0;
			defaultConfigurationName = Release;
		};
		AD5A9C0A2B6523B900AA9ECD /* Build configuration list for PBXNativeTarget "TestSwiftUI" */ = {
			isa = XCConfigurationList;
			buildConfigurations = (
				AD5A9C0B2B6523B900AA9ECD /* Debug */,
				AD5A9C0C2B6523B900AA9ECD /* Release */,
			);
			defaultConfigurationIsVisible = 0;
			defaultConfigurationName = Release;
		};
		AD5A9C0D2B6523B900AA9ECD /* Build configuration list for PBXNativeTarget "TestSwiftUITests" */ = {
			isa = XCConfigurationList;
			buildConfigurations = (
				AD5A9C0E2B6523B900AA9ECD /* Debug */,
				AD5A9C0F2B6523B900AA9ECD /* Release */,
			);
			defaultConfigurationIsVisible = 0;
			defaultConfigurationName = Release;
		};
		AD5A9C102B6523B900AA9ECD /* Build configuration list for PBXNativeTarget "TestSwiftUIUITests" */ = {
			isa = XCConfigurationList;
			buildConfigurations = (
				AD5A9C112B6523B900AA9ECD /* Debug */,
				AD5A9C122B6523B900AA9ECD /* Release */,
			);
			defaultConfigurationIsVisible = 0;
			defaultConfigurationName = Release;
		};
/* End XCConfigurationList section */
	};
	rootObject = AD5A9BDE2B6523B800AA9ECD /* Project object */;
}
